// !$*UTF8*$!
{
	archiveVersion = 1;
	classes = {
	};
	objectVersion = 46;
	objects = {

/* Begin PBXBuildFile section */
		882932001EB69DAD005F0BE1 /* main.cpp in Sources */ = {isa = PBXBuildFile; fileRef = 882931FF1EB69DAD005F0BE1 /* main.cpp */; };
		882932141EB6A2A2005F0BE1 /* WeatherData.cpp in Sources */ = {isa = PBXBuildFile; fileRef = 882932121EB6A2A2005F0BE1 /* WeatherData.cpp */; };
		882932191EB6A719005F0BE1 /* CurrentConditionDisplay.cpp in Sources */ = {isa = PBXBuildFile; fileRef = 882932171EB6A719005F0BE1 /* CurrentConditionDisplay.cpp */; };
		8829321C1EB6AADF005F0BE1 /* StatisticsDisplay.cpp in Sources */ = {isa = PBXBuildFile; fileRef = 8829321A1EB6AADF005F0BE1 /* StatisticsDisplay.cpp */; };
/* End PBXBuildFile section */

/* Begin PBXCopyFilesBuildPhase section */
		882931FA1EB69DAD005F0BE1 /* CopyFiles */ = {
			isa = PBXCopyFilesBuildPhase;
			buildActionMask = 2147483647;
			dstPath = /usr/share/man/man1/;
			dstSubfolderSpec = 0;
			files = (
			);
			runOnlyForDeploymentPostprocessing = 1;
		};
/* End PBXCopyFilesBuildPhase section */

/* Begin PBXFileReference section */
		882931FC1EB69DAD005F0BE1 /* Observer_Pattern */ = {isa = PBXFileReference; explicitFileType = "compiled.mach-o.executable"; includeInIndex = 0; path = Observer_Pattern; sourceTree = BUILT_PRODUCTS_DIR; };
		882931FF1EB69DAD005F0BE1 /* main.cpp */ = {isa = PBXFileReference; lastKnownFileType = sourcecode.cpp.cpp; path = main.cpp; sourceTree = "<group>"; };
		882932071EB69DBB005F0BE1 /* Observer.h */ = {isa = PBXFileReference; fileEncoding = 4; lastKnownFileType = sourcecode.c.h; path = Observer.h; sourceTree = "<group>"; };
		8829320A1EB69DFA005F0BE1 /* Subject.h */ = {isa = PBXFileReference; fileEncoding = 4; lastKnownFileType = sourcecode.c.h; path = Subject.h; sourceTree = "<group>"; };
		8829320D1EB69E76005F0BE1 /* DisplayElement.h */ = {isa = PBXFileReference; fileEncoding = 4; lastKnownFileType = sourcecode.c.h; path = DisplayElement.h; sourceTree = "<group>"; };
		882932121EB6A2A2005F0BE1 /* WeatherData.cpp */ = {isa = PBXFileReference; fileEncoding = 4; lastKnownFileType = sourcecode.cpp.cpp; path = WeatherData.cpp; sourceTree = "<group>"; };
		882932131EB6A2A2005F0BE1 /* WeatherData.h */ = {isa = PBXFileReference; fileEncoding = 4; lastKnownFileType = sourcecode.c.h; path = WeatherData.h; sourceTree = "<group>"; };
		882932171EB6A719005F0BE1 /* CurrentConditionDisplay.cpp */ = {isa = PBXFileReference; fileEncoding = 4; lastKnownFileType = sourcecode.cpp.cpp; path = CurrentConditionDisplay.cpp; sourceTree = "<group>"; };
		882932181EB6A719005F0BE1 /* CurrentConditionDisplay.h */ = {isa = PBXFileReference; fileEncoding = 4; lastKnownFileType = sourcecode.c.h; path = CurrentConditionDisplay.h; sourceTree = "<group>"; };
		8829321A1EB6AADF005F0BE1 /* StatisticsDisplay.cpp */ = {isa = PBXFileReference; fileEncoding = 4; lastKnownFileType = sourcecode.cpp.cpp; path = StatisticsDisplay.cpp; sourceTree = "<group>"; };
		8829321B1EB6AADF005F0BE1 /* StatisticsDisplay.h */ = {isa = PBXFileReference; fileEncoding = 4; lastKnownFileType = sourcecode.c.h; path = StatisticsDisplay.h; sourceTree = "<group>"; };
/* End PBXFileReference section */

/* Begin PBXFrameworksBuildPhase section */
		882931F91EB69DAD005F0BE1 /* Frameworks */ = {
			isa = PBXFrameworksBuildPhase;
			buildActionMask = 2147483647;
			files = (
			);
			runOnlyForDeploymentPostprocessing = 0;
		};
/* End PBXFrameworksBuildPhase section */

/* Begin PBXGroup section */
		882931F31EB69DAD005F0BE1 = {
			isa = PBXGroup;
			children = (
				882931FE1EB69DAD005F0BE1 /* Observer_Pattern */,
				882931FD1EB69DAD005F0BE1 /* Products */,
			);
			sourceTree = "<group>";
		};
		882931FD1EB69DAD005F0BE1 /* Products */ = {
			isa = PBXGroup;
			children = (
				882931FC1EB69DAD005F0BE1 /* Observer_Pattern */,
			);
			name = Products;
			sourceTree = "<group>";
		};
		882931FE1EB69DAD005F0BE1 /* Observer_Pattern */ = {
			isa = PBXGroup;
			children = (
				882932121EB6A2A2005F0BE1 /* WeatherData.cpp */,
				882932131EB6A2A2005F0BE1 /* WeatherData.h */,
				882931FF1EB69DAD005F0BE1 /* main.cpp */,
				8829321A1EB6AADF005F0BE1 /* StatisticsDisplay.cpp */,
				8829321B1EB6AADF005F0BE1 /* StatisticsDisplay.h */,
				882932071EB69DBB005F0BE1 /* Observer.h */,
				8829320A1EB69DFA005F0BE1 /* Subject.h */,
				882932171EB6A719005F0BE1 /* CurrentConditionDisplay.cpp */,
				882932181EB6A719005F0BE1 /* CurrentConditionDisplay.h */,
				8829320D1EB69E76005F0BE1 /* DisplayElement.h */,
			);
			path = Observer_Pattern;
			sourceTree = "<group>";
		};
/* End PBXGroup section */

/* Begin PBXNativeTarget section */
		882931FB1EB69DAD005F0BE1 /* Observer_Pattern */ = {
			isa = PBXNativeTarget;
			buildConfigurationList = 882932031EB69DAD005F0BE1 /* Build configuration list for PBXNativeTarget "Observer_Pattern" */;
			buildPhases = (
				882931F81EB69DAD005F0BE1 /* Sources */,
				882931F91EB69DAD005F0BE1 /* Frameworks */,
				882931FA1EB69DAD005F0BE1 /* CopyFiles */,
			);
			buildRules = (
			);
			dependencies = (
			);
			name = Observer_Pattern;
			productName = Observer_Pattern;
			productReference = 882931FC1EB69DAD005F0BE1 /* Observer_Pattern */;
			productType = "com.apple.product-type.tool";
		};
/* End PBXNativeTarget section */

/* Begin PBXProject section */
		882931F41EB69DAD005F0BE1 /* Project object */ = {
			isa = PBXProject;
			attributes = {
				LastUpgradeCheck = 0640;
				ORGANIZATIONNAME = "Blake Conrad";
				TargetAttributes = {
					882931FB1EB69DAD005F0BE1 = {
						CreatedOnToolsVersion = 6.4;
					};
				};
			};
			buildConfigurationList = 882931F71EB69DAD005F0BE1 /* Build configuration list for PBXProject "Observer_Pattern" */;
			compatibilityVersion = "Xcode 3.2";
			developmentRegion = English;
			hasScannedForEncodings = 0;
			knownRegions = (
				en,
			);
			mainGroup = 882931F31EB69DAD005F0BE1;
			productRefGroup = 882931FD1EB69DAD005F0BE1 /* Products */;
			projectDirPath = "";
			projectRoot = "";
			targets = (
				882931FB1EB69DAD005F0BE1 /* Observer_Pattern */,
			);
		};
/* End PBXProject section */

/* Begin PBXSourcesBuildPhase section */
		882931F81EB69DAD005F0BE1 /* Sources */ = {
			isa = PBXSourcesBuildPhase;
			buildActionMask = 2147483647;
			files = (
				882932191EB6A719005F0BE1 /* CurrentConditionDisplay.cpp in Sources */,
				882932001EB69DAD005F0BE1 /* main.cpp in Sources */,
				882932141EB6A2A2005F0BE1 /* WeatherData.cpp in Sources */,
				8829321C1EB6AADF005F0BE1 /* StatisticsDisplay.cpp in Sources */,
			);
			runOnlyForDeploymentPostprocessing = 0;
		};
/* End PBXSourcesBuildPhase section */

/* Begin XCBuildConfiguration section */
		882932011EB69DAD005F0BE1 /* Debug */ = {
			isa = XCBuildConfiguration;
			buildSettings = {
				ALWAYS_SEARCH_USER_PATHS = NO;
				CLANG_CXX_LANGUAGE_STANDARD = "gnu++0x";
				CLANG_CXX_LIBRARY = "libc++";
				CLANG_ENABLE_MODULES = YES;
				CLANG_ENABLE_OBJC_ARC = YES;
				CLANG_WARN_BOOL_CONVERSION = YES;
				CLANG_WARN_CONSTANT_CONVERSION = YES;
				CLANG_WARN_DIRECT_OBJC_ISA_USAGE = YES_ERROR;
				CLANG_WARN_EMPTY_BODY = YES;
				CLANG_WARN_ENUM_CONVERSION = YES;
				CLANG_WARN_INT_CONVERSION = YES;
				CLANG_WARN_OBJC_ROOT_CLASS = YES_ERROR;
				CLANG_WARN_UNREACHABLE_CODE = YES;
				CLANG_WARN__DUPLICATE_METHOD_MATCH = YES;
				COPY_PHASE_STRIP = NO;
				DEBUG_INFORMATION_FORMAT = dwarf;
				ENABLE_STRICT_OBJC_MSGSEND = YES;
				GCC_C_LANGUAGE_STANDARD = gnu99;
				GCC_DYNAMIC_NO_PIC = NO;
				GCC_NO_COMMON_BLOCKS = YES;
				GCC_OPTIMIZATION_LEVEL = 0;
				GCC_PREPROCESSOR_DEFINITIONS = (
					"DEBUG=1",
					"$(inherited)",
				);
				GCC_SYMBOLS_PRIVATE_EXTERN = NO;
				GCC_WARN_64_TO_32_BIT_CONVERSION = YES;
				GCC_WARN_ABOUT_RETURN_TYPE = YES_ERROR;
				GCC_WARN_UNDECLARED_SELECTOR = YES;
				GCC_WARN_UNINITIALIZED_AUTOS = YES_AGGRESSIVE;
				GCC_WARN_UNUSED_FUNCTION = YES;
				GCC_WARN_UNUSED_VARIABLE = YES;
				MACOSX_DEPLOYMENT_TARGET = 10.10;
				MTL_ENABLE_DEBUG_INFO = YES;
				ONLY_ACTIVE_ARCH = YES;
				SDKROOT = macosx;
			};
			name = Debug;
		};
		882932021EB69DAD005F0BE1 /* Release */ = {
			isa = XCBuildConfiguration;
			buildSettings = {
				ALWAYS_SEARCH_USER_PATHS = NO;
				CLANG_CXX_LANGUAGE_STANDARD = "gnu++0x";
				CLANG_CXX_LIBRARY = "libc++";
				CLANG_ENABLE_MODULES = YES;
				CLANG_ENABLE_OBJC_ARC = YES;
				CLANG_WARN_BOOL_CONVERSION = YES;
				CLANG_WARN_CONSTANT_CONVERSION = YES;
				CLANG_WARN_DIRECT_OBJC_ISA_USAGE = YES_ERROR;
				CLANG_WARN_EMPTY_BODY = YES;
				CLANG_WARN_ENUM_CONVERSION = YES;
				CLANG_WARN_INT_CONVERSION = YES;
				CLANG_WARN_OBJC_ROOT_CLASS = YES_ERROR;
				CLANG_WARN_UNREACHABLE_CODE = YES;
				CLANG_WARN__DUPLICATE_METHOD_MATCH = YES;
				COPY_PHASE_STRIP = NO;
				DEBUG_INFORMATION_FORMAT = "dwarf-with-dsym";
				ENABLE_NS_ASSERTIONS = NO;
				ENABLE_STRICT_OBJC_MSGSEND = YES;
				GCC_C_LANGUAGE_STANDARD = gnu99;
				GCC_NO_COMMON_BLOCKS = YES;
				GCC_WARN_64_TO_32_BIT_CONVERSION = YES;
				GCC_WARN_ABOUT_RETURN_TYPE = YES_ERROR;
				GCC_WARN_UNDECLARED_SELECTOR = YES;
				GCC_WARN_UNINITIALIZED_AUTOS = YES_AGGRESSIVE;
				GCC_WARN_UNUSED_FUNCTION = YES;
				GCC_WARN_UNUSED_VARIABLE = YES;
				MACOSX_DEPLOYMENT_TARGET = 10.10;
				MTL_ENABLE_DEBUG_INFO = NO;
				SDKROOT = macosx;
			};
			name = Release;
		};
		882932041EB69DAD005F0BE1 /* Debug */ = {
			isa = XCBuildConfiguration;
			buildSettings = {
				PRODUCT_NAME = "$(TARGET_NAME)";
			};
			name = Debug;
		};
		882932051EB69DAD005F0BE1 /* Release */ = {
			isa = XCBuildConfiguration;
			buildSettings = {
				PRODUCT_NAME = "$(TARGET_NAME)";
			};
			name = Release;
		};
/* End XCBuildConfiguration section */

/* Begin XCConfigurationList section */
		882931F71EB69DAD005F0BE1 /* Build configuration list for PBXProject "Observer_Pattern" */ = {
			isa = XCConfigurationList;
			buildConfigurations = (
				882932011EB69DAD005F0BE1 /* Debug */,
				882932021EB69DAD005F0BE1 /* Release */,
			);
			defaultConfigurationIsVisible = 0;
			defaultConfigurationName = Release;
		};
		882932031EB69DAD005F0BE1 /* Build configuration list for PBXNativeTarget "Observer_Pattern" */ = {
			isa = XCConfigurationList;
			buildConfigurations = (
				882932041EB69DAD005F0BE1 /* Debug */,
				882932051EB69DAD005F0BE1 /* Release */,
			);
			defaultConfigurationIsVisible = 0;
		};
/* End XCConfigurationList section */
	};
	rootObject = 882931F41EB69DAD005F0BE1 /* Project object */;
}
